// !$*UTF8*$!
{
	archiveVersion = 1;
	classes = {
	};
	objectVersion = 50;
	objects = {

/* Begin PBXBuildFile section */
		AE24E7AF22B482C2006A3273 /* SLPerson.m in Sources */ = {isa = PBXBuildFile; fileRef = AE24E7AE22B482C2006A3273 /* SLPerson.m */; };
		AE24E7B322B48829006A3273 /* NSObject+KVO.m in Sources */ = {isa = PBXBuildFile; fileRef = AE24E7B222B48829006A3273 /* NSObject+KVO.m */; };
		AE24E7B622B48979006A3273 /* NSKVONotifying_SLPerson.m in Sources */ = {isa = PBXBuildFile; fileRef = AE24E7B522B48979006A3273 /* NSKVONotifying_SLPerson.m */; };
		AE24E7B922B490FD006A3273 /* SLSuperOrSuperClassVC.m in Sources */ = {isa = PBXBuildFile; fileRef = AE24E7B822B490FD006A3273 /* SLSuperOrSuperClassVC.m */; };
		AE24E7BC22B49168006A3273 /* SLFather.m in Sources */ = {isa = PBXBuildFile; fileRef = AE24E7BB22B49168006A3273 /* SLFather.m */; };
		AE24E7C222B4928A006A3273 /* SLSon.m in Sources */ = {isa = PBXBuildFile; fileRef = AE24E7C122B4928A006A3273 /* SLSon.m */; };
		AE24E7C722B49808006A3273 /* SLRACExampleVC.m in Sources */ = {isa = PBXBuildFile; fileRef = AE24E7C622B49808006A3273 /* SLRACExampleVC.m */; };
		AE36AAE922B9CD96009215D6 /* SLUseRACTVC.m in Sources */ = {isa = PBXBuildFile; fileRef = AE36AAE822B9CD96009215D6 /* SLUseRACTVC.m */; };
		AE36AAED22B9CEA8009215D6 /* SLRACManager.m in Sources */ = {isa = PBXBuildFile; fileRef = AE36AAEC22B9CEA8009215D6 /* SLRACManager.m */; };
		AE73DD9A22B38A9B009C4963 /* AppDelegate.m in Sources */ = {isa = PBXBuildFile; fileRef = AE73DD9922B38A9B009C4963 /* AppDelegate.m */; };
		AE73DDA022B38A9B009C4963 /* Main.storyboard in Resources */ = {isa = PBXBuildFile; fileRef = AE73DD9E22B38A9B009C4963 /* Main.storyboard */; };
		AE73DDA222B38A9D009C4963 /* Assets.xcassets in Resources */ = {isa = PBXBuildFile; fileRef = AE73DDA122B38A9D009C4963 /* Assets.xcassets */; };
		AE73DDA522B38A9D009C4963 /* LaunchScreen.storyboard in Resources */ = {isa = PBXBuildFile; fileRef = AE73DDA322B38A9D009C4963 /* LaunchScreen.storyboard */; };
		AE73DDA822B38A9D009C4963 /* main.m in Sources */ = {isa = PBXBuildFile; fileRef = AE73DDA722B38A9D009C4963 /* main.m */; };
		AE73DDB222B38A9E009C4963 /* LearnObjCTests.m in Sources */ = {isa = PBXBuildFile; fileRef = AE73DDB122B38A9E009C4963 /* LearnObjCTests.m */; };
		AE73DDBD22B38A9E009C4963 /* LearnObjCUITests.m in Sources */ = {isa = PBXBuildFile; fileRef = AE73DDBC22B38A9E009C4963 /* LearnObjCUITests.m */; };
		AE73DDCE22B38CFD009C4963 /* SLHomeTVC.m in Sources */ = {isa = PBXBuildFile; fileRef = AE73DDCD22B38CFD009C4963 /* SLHomeTVC.m */; };
		AE73DDD422B39160009C4963 /* SLChianVC.m in Sources */ = {isa = PBXBuildFile; fileRef = AE73DDD322B39160009C4963 /* SLChianVC.m */; };
		AE73DDD722B391E6009C4963 /* SLObserverVC.m in Sources */ = {isa = PBXBuildFile; fileRef = AE73DDD622B391E6009C4963 /* SLObserverVC.m */; };
		AE73DDDA22B391F5009C4963 /* SLFunctionVC.m in Sources */ = {isa = PBXBuildFile; fileRef = AE73DDD922B391F5009C4963 /* SLFunctionVC.m */; };
		AE73DDDE22B39BD3009C4963 /* SLCalculatorManager.m in Sources */ = {isa = PBXBuildFile; fileRef = AE73DDDD22B39BD3009C4963 /* SLCalculatorManager.m */; };
		AE83867A22BA28CB00077B5B /* SLPickerViewModel.m in Sources */ = {isa = PBXBuildFile; fileRef = AE83867922BA28CB00077B5B /* SLPickerViewModel.m */; };
		AE83867F22BA313F00077B5B /* SLCountryViewModel.m in Sources */ = {isa = PBXBuildFile; fileRef = AE83867E22BA313F00077B5B /* SLCountryViewModel.m */; };
		AE8DA43F22CC883300A08D50 /* SLLoginVC.m in Sources */ = {isa = PBXBuildFile; fileRef = AE8DA43D22CC883300A08D50 /* SLLoginVC.m */; };
		AE8DA44022CC883300A08D50 /* SLLoginVC.xib in Resources */ = {isa = PBXBuildFile; fileRef = AE8DA43E22CC883300A08D50 /* SLLoginVC.xib */; };
		AE8DA44322CC89E600A08D50 /* SLLoginViewModel.m in Sources */ = {isa = PBXBuildFile; fileRef = AE8DA44222CC89E600A08D50 /* SLLoginViewModel.m */; };
		AE8DA44622CC8ABB00A08D50 /* SLAccountModel.m in Sources */ = {isa = PBXBuildFile; fileRef = AE8DA44522CC8ABB00A08D50 /* SLAccountModel.m */; };
		AE9B2DE022B7450A004946D5 /* SLCustomRACView.m in Sources */ = {isa = PBXBuildFile; fileRef = AE9B2DDF22B7450A004946D5 /* SLCustomRACView.m */; };
		AE9B2DE722B76A80004946D5 /* SLCountryModel.m in Sources */ = {isa = PBXBuildFile; fileRef = AE9B2DE622B76A80004946D5 /* SLCountryModel.m */; };
		AE9B2DEA22B76B96004946D5 /* SLContryView.m in Sources */ = {isa = PBXBuildFile; fileRef = AE9B2DE922B76B96004946D5 /* SLContryView.m */; };
		AE9B2DEE22B76BB8004946D5 /* SLContryView.xib in Resources */ = {isa = PBXBuildFile; fileRef = AE9B2DED22B76BB8004946D5 /* SLContryView.xib */; };
		AE9B2E0022B76EA2004946D5 /* ydl.gif in Resources */ = {isa = PBXBuildFile; fileRef = AE9B2DF122B76EA2004946D5 /* ydl.gif */; };
		AE9B2E0122B76EA2004946D5 /* putaoya.gif in Resources */ = {isa = PBXBuildFile; fileRef = AE9B2DF222B76EA2004946D5 /* putaoya.gif */; };
		AE9B2E0222B76EA2004946D5 /* helan.gif in Resources */ = {isa = PBXBuildFile; fileRef = AE9B2DF322B76EA2004946D5 /* helan.gif */; };
		AE9B2E0322B76EA2004946D5 /* wlgui.gif in Resources */ = {isa = PBXBuildFile; fileRef = AE9B2DF422B76EA2004946D5 /* wlgui.gif */; };
		AE9B2E0422B76EA2004946D5 /* hanguo.gif in Resources */ = {isa = PBXBuildFile; fileRef = AE9B2DF522B76EA2004946D5 /* hanguo.gif */; };
		AE9B2E0522B76EA2004946D5 /* ruishi.gif in Resources */ = {isa = PBXBuildFile; fileRef = AE9B2DF622B76EA2004946D5 /* ruishi.gif */; };
		AE9B2E0622B76EA2004946D5 /* deguo.gif in Resources */ = {isa = PBXBuildFile; fileRef = AE9B2DF722B76EA2004946D5 /* deguo.gif */; };
		AE9B2E0722B76EA2004946D5 /* agt.gif in Resources */ = {isa = PBXBuildFile; fileRef = AE9B2DF822B76EA2004946D5 /* agt.gif */; };
		AE9B2E0822B76EA2004946D5 /* faguo.gif in Resources */ = {isa = PBXBuildFile; fileRef = AE9B2DF922B76EA2004946D5 /* faguo.gif */; };
		AE9B2E0922B76EA2004946D5 /* xiby.gif in Resources */ = {isa = PBXBuildFile; fileRef = AE9B2DFA22B76EA2004946D5 /* xiby.gif */; };
		AE9B2E0A22B76EA2004946D5 /* baxi.gif in Resources */ = {isa = PBXBuildFile; fileRef = AE9B2DFB22B76EA2004946D5 /* baxi.gif */; };
		AE9B2E0B22B76EA2004946D5 /* ruidian.gif in Resources */ = {isa = PBXBuildFile; fileRef = AE9B2DFC22B76EA2004946D5 /* ruidian.gif */; };
		AE9B2E0C22B76EA2004946D5 /* ying.gif in Resources */ = {isa = PBXBuildFile; fileRef = AE9B2DFD22B76EA2004946D5 /* ying.gif */; };
		AE9B2E0D22B76EA2004946D5 /* zhongguo.jpg in Resources */ = {isa = PBXBuildFile; fileRef = AE9B2DFE22B76EA2004946D5 /* zhongguo.jpg */; };
		AE9B2E0E22B76EA2004946D5 /* flags.plist in Resources */ = {isa = PBXBuildFile; fileRef = AE9B2DFF22B76EA2004946D5 /* flags.plist */; };
		C4DDB338AEB9B1FB329AB069 /* Pods_LearnObjCTests.framework in Frameworks */ = {isa = PBXBuildFile; fileRef = 2D504F096E730BFCD6C08332 /* Pods_LearnObjCTests.framework */; };
		DC15220F535D12E6CB402368 /* Pods_LearnObjCUITests.framework in Frameworks */ = {isa = PBXBuildFile; fileRef = 2297D248B52361B04A510BFE /* Pods_LearnObjCUITests.framework */; };
		DC24A6FE26ED13C61330BEFD /* Pods_LearnObjC.framework in Frameworks */ = {isa = PBXBuildFile; fileRef = A78B6385174A764E33C9F800 /* Pods_LearnObjC.framework */; };
/* End PBXBuildFile section */

/* Begin PBXContainerItemProxy section */
		AE73DDAE22B38A9E009C4963 /* PBXContainerItemProxy */ = {
			isa = PBXContainerItemProxy;
			containerPortal = AE73DD8D22B38A9B009C4963 /* Project object */;
			proxyType = 1;
			remoteGlobalIDString = AE73DD9422B38A9B009C4963;
			remoteInfo = LearnObjC;
		};
		AE73DDB922B38A9E009C4963 /* PBXContainerItemProxy */ = {
			isa = PBXContainerItemProxy;
			containerPortal = AE73DD8D22B38A9B009C4963 /* Project object */;
			proxyType = 1;
			remoteGlobalIDString = AE73DD9422B38A9B009C4963;
			remoteInfo = LearnObjC;
		};
/* End PBXContainerItemProxy section */

/* Begin PBXFileReference section */
		2297D248B52361B04A510BFE /* Pods_LearnObjCUITests.framework */ = {isa = PBXFileReference; explicitFileType = wrapper.framework; includeInIndex = 0; path = Pods_LearnObjCUITests.framework; sourceTree = BUILT_PRODUCTS_DIR; };
		2D504F096E730BFCD6C08332 /* Pods_LearnObjCTests.framework */ = {isa = PBXFileReference; explicitFileType = wrapper.framework; includeInIndex = 0; path = Pods_LearnObjCTests.framework; sourceTree = BUILT_PRODUCTS_DIR; };
		54F87434B5F226CE0CBA70E0 /* Pods-LearnObjCUITests.release.xcconfig */ = {isa = PBXFileReference; includeInIndex = 1; lastKnownFileType = text.xcconfig; name = "Pods-LearnObjCUITests.release.xcconfig"; path = "Target Support Files/Pods-LearnObjCUITests/Pods-LearnObjCUITests.release.xcconfig"; sourceTree = "<group>"; };
		7AF24D973522DE072F2F8415 /* Pods-LearnObjCTests.debug.xcconfig */ = {isa = PBXFileReference; includeInIndex = 1; lastKnownFileType = text.xcconfig; name = "Pods-LearnObjCTests.debug.xcconfig"; path = "Target Support Files/Pods-LearnObjCTests/Pods-LearnObjCTests.debug.xcconfig"; sourceTree = "<group>"; };
		A78B6385174A764E33C9F800 /* Pods_LearnObjC.framework */ = {isa = PBXFileReference; explicitFileType = wrapper.framework; includeInIndex = 0; path = Pods_LearnObjC.framework; sourceTree = BUILT_PRODUCTS_DIR; };
		AE24E7AD22B482C2006A3273 /* SLPerson.h */ = {isa = PBXFileReference; lastKnownFileType = sourcecode.c.h; path = SLPerson.h; sourceTree = "<group>"; };
		AE24E7AE22B482C2006A3273 /* SLPerson.m */ = {isa = PBXFileReference; lastKnownFileType = sourcecode.c.objc; path = SLPerson.m; sourceTree = "<group>"; };
		AE24E7B122B48829006A3273 /* NSObject+KVO.h */ = {isa = PBXFileReference; lastKnownFileType = sourcecode.c.h; path = "NSObject+KVO.h"; sourceTree = "<group>"; };
		AE24E7B222B48829006A3273 /* NSObject+KVO.m */ = {isa = PBXFileReference; lastKnownFileType = sourcecode.c.objc; path = "NSObject+KVO.m"; sourceTree = "<group>"; };
		AE24E7B422B48979006A3273 /* NSKVONotifying_SLPerson.h */ = {isa = PBXFileReference; lastKnownFileType = sourcecode.c.h; path = NSKVONotifying_SLPerson.h; sourceTree = "<group>"; };
		AE24E7B522B48979006A3273 /* NSKVONotifying_SLPerson.m */ = {isa = PBXFileReference; lastKnownFileType = sourcecode.c.objc; path = NSKVONotifying_SLPerson.m; sourceTree = "<group>"; };
		AE24E7B722B490FD006A3273 /* SLSuperOrSuperClassVC.h */ = {isa = PBXFileReference; lastKnownFileType = sourcecode.c.h; path = SLSuperOrSuperClassVC.h; sourceTree = "<group>"; };
		AE24E7B822B490FD006A3273 /* SLSuperOrSuperClassVC.m */ = {isa = PBXFileReference; lastKnownFileType = sourcecode.c.objc; path = SLSuperOrSuperClassVC.m; sourceTree = "<group>"; };
		AE24E7BA22B49168006A3273 /* SLFather.h */ = {isa = PBXFileReference; lastKnownFileType = sourcecode.c.h; path = SLFather.h; sourceTree = "<group>"; };
		AE24E7BB22B49168006A3273 /* SLFather.m */ = {isa = PBXFileReference; lastKnownFileType = sourcecode.c.objc; path = SLFather.m; sourceTree = "<group>"; };
		AE24E7C022B4928A006A3273 /* SLSon.h */ = {isa = PBXFileReference; lastKnownFileType = sourcecode.c.h; path = SLSon.h; sourceTree = "<group>"; };
		AE24E7C122B4928A006A3273 /* SLSon.m */ = {isa = PBXFileReference; lastKnownFileType = sourcecode.c.objc; path = SLSon.m; sourceTree = "<group>"; };
		AE24E7C522B49808006A3273 /* SLRACExampleVC.h */ = {isa = PBXFileReference; lastKnownFileType = sourcecode.c.h; path = SLRACExampleVC.h; sourceTree = "<group>"; };
		AE24E7C622B49808006A3273 /* SLRACExampleVC.m */ = {isa = PBXFileReference; lastKnownFileType = sourcecode.c.objc; path = SLRACExampleVC.m; sourceTree = "<group>"; };
		AE36AAE722B9CD96009215D6 /* SLUseRACTVC.h */ = {isa = PBXFileReference; lastKnownFileType = sourcecode.c.h; path = SLUseRACTVC.h; sourceTree = "<group>"; };
		AE36AAE822B9CD96009215D6 /* SLUseRACTVC.m */ = {isa = PBXFileReference; lastKnownFileType = sourcecode.c.objc; path = SLUseRACTVC.m; sourceTree = "<group>"; };
		AE36AAEB22B9CEA8009215D6 /* SLRACManager.h */ = {isa = PBXFileReference; lastKnownFileType = sourcecode.c.h; path = SLRACManager.h; sourceTree = "<group>"; };
		AE36AAEC22B9CEA8009215D6 /* SLRACManager.m */ = {isa = PBXFileReference; lastKnownFileType = sourcecode.c.objc; path = SLRACManager.m; sourceTree = "<group>"; };
		AE73DD9522B38A9B009C4963 /* LearnObjC.app */ = {isa = PBXFileReference; explicitFileType = wrapper.application; includeInIndex = 0; path = LearnObjC.app; sourceTree = BUILT_PRODUCTS_DIR; };
		AE73DD9822B38A9B009C4963 /* AppDelegate.h */ = {isa = PBXFileReference; lastKnownFileType = sourcecode.c.h; path = AppDelegate.h; sourceTree = "<group>"; };
		AE73DD9922B38A9B009C4963 /* AppDelegate.m */ = {isa = PBXFileReference; lastKnownFileType = sourcecode.c.objc; path = AppDelegate.m; sourceTree = "<group>"; };
		AE73DD9F22B38A9B009C4963 /* Base */ = {isa = PBXFileReference; lastKnownFileType = file.storyboard; name = Base; path = Base.lproj/Main.storyboard; sourceTree = "<group>"; };
		AE73DDA122B38A9D009C4963 /* Assets.xcassets */ = {isa = PBXFileReference; lastKnownFileType = folder.assetcatalog; path = Assets.xcassets; sourceTree = "<group>"; };
		AE73DDA422B38A9D009C4963 /* Base */ = {isa = PBXFileReference; lastKnownFileType = file.storyboard; name = Base; path = Base.lproj/LaunchScreen.storyboard; sourceTree = "<group>"; };
		AE73DDA622B38A9D009C4963 /* Info.plist */ = {isa = PBXFileReference; lastKnownFileType = text.plist.xml; path = Info.plist; sourceTree = "<group>"; };
		AE73DDA722B38A9D009C4963 /* main.m */ = {isa = PBXFileReference; lastKnownFileType = sourcecode.c.objc; path = main.m; sourceTree = "<group>"; };
		AE73DDAD22B38A9E009C4963 /* LearnObjCTests.xctest */ = {isa = PBXFileReference; explicitFileType = wrapper.cfbundle; includeInIndex = 0; path = LearnObjCTests.xctest; sourceTree = BUILT_PRODUCTS_DIR; };
		AE73DDB122B38A9E009C4963 /* LearnObjCTests.m */ = {isa = PBXFileReference; lastKnownFileType = sourcecode.c.objc; path = LearnObjCTests.m; sourceTree = "<group>"; };
		AE73DDB322B38A9E009C4963 /* Info.plist */ = {isa = PBXFileReference; lastKnownFileType = text.plist.xml; path = Info.plist; sourceTree = "<group>"; };
		AE73DDB822B38A9E009C4963 /* LearnObjCUITests.xctest */ = {isa = PBXFileReference; explicitFileType = wrapper.cfbundle; includeInIndex = 0; path = LearnObjCUITests.xctest; sourceTree = BUILT_PRODUCTS_DIR; };
		AE73DDBC22B38A9E009C4963 /* LearnObjCUITests.m */ = {isa = PBXFileReference; lastKnownFileType = sourcecode.c.objc; path = LearnObjCUITests.m; sourceTree = "<group>"; };
		AE73DDBE22B38A9E009C4963 /* Info.plist */ = {isa = PBXFileReference; lastKnownFileType = text.plist.xml; path = Info.plist; sourceTree = "<group>"; };
		AE73DDCC22B38CFD009C4963 /* SLHomeTVC.h */ = {isa = PBXFileReference; lastKnownFileType = sourcecode.c.h; path = SLHomeTVC.h; sourceTree = "<group>"; };
		AE73DDCD22B38CFD009C4963 /* SLHomeTVC.m */ = {isa = PBXFileReference; lastKnownFileType = sourcecode.c.objc; path = SLHomeTVC.m; sourceTree = "<group>"; };
		AE73DDD222B39160009C4963 /* SLChianVC.h */ = {isa = PBXFileReference; lastKnownFileType = sourcecode.c.h; path = SLChianVC.h; sourceTree = "<group>"; };
		AE73DDD322B39160009C4963 /* SLChianVC.m */ = {isa = PBXFileReference; lastKnownFileType = sourcecode.c.objc; path = SLChianVC.m; sourceTree = "<group>"; };
		AE73DDD522B391E6009C4963 /* SLObserverVC.h */ = {isa = PBXFileReference; lastKnownFileType = sourcecode.c.h; path = SLObserverVC.h; sourceTree = "<group>"; };
		AE73DDD622B391E6009C4963 /* SLObserverVC.m */ = {isa = PBXFileReference; lastKnownFileType = sourcecode.c.objc; path = SLObserverVC.m; sourceTree = "<group>"; };
		AE73DDD822B391F5009C4963 /* SLFunctionVC.h */ = {isa = PBXFileReference; lastKnownFileType = sourcecode.c.h; path = SLFunctionVC.h; sourceTree = "<group>"; };
		AE73DDD922B391F5009C4963 /* SLFunctionVC.m */ = {isa = PBXFileReference; lastKnownFileType = sourcecode.c.objc; path = SLFunctionVC.m; sourceTree = "<group>"; };
		AE73DDDC22B39BD3009C4963 /* SLCalculatorManager.h */ = {isa = PBXFileReference; lastKnownFileType = sourcecode.c.h; path = SLCalculatorManager.h; sourceTree = "<group>"; };
		AE73DDDD22B39BD3009C4963 /* SLCalculatorManager.m */ = {isa = PBXFileReference; lastKnownFileType = sourcecode.c.objc; path = SLCalculatorManager.m; sourceTree = "<group>"; };
		AE83867822BA28CB00077B5B /* SLPickerViewModel.h */ = {isa = PBXFileReference; lastKnownFileType = sourcecode.c.h; path = SLPickerViewModel.h; sourceTree = "<group>"; };
		AE83867922BA28CB00077B5B /* SLPickerViewModel.m */ = {isa = PBXFileReference; lastKnownFileType = sourcecode.c.objc; path = SLPickerViewModel.m; sourceTree = "<group>"; };
		AE83867C22BA307000077B5B /* SLViewModelProtocol.h */ = {isa = PBXFileReference; lastKnownFileType = sourcecode.c.h; path = SLViewModelProtocol.h; sourceTree = "<group>"; };
		AE83867D22BA313F00077B5B /* SLCountryViewModel.h */ = {isa = PBXFileReference; lastKnownFileType = sourcecode.c.h; path = SLCountryViewModel.h; sourceTree = "<group>"; };
		AE83867E22BA313F00077B5B /* SLCountryViewModel.m */ = {isa = PBXFileReference; lastKnownFileType = sourcecode.c.objc; path = SLCountryViewModel.m; sourceTree = "<group>"; };
		AE8DA43C22CC883300A08D50 /* SLLoginVC.h */ = {isa = PBXFileReference; lastKnownFileType = sourcecode.c.h; path = SLLoginVC.h; sourceTree = "<group>"; };
		AE8DA43D22CC883300A08D50 /* SLLoginVC.m */ = {isa = PBXFileReference; lastKnownFileType = sourcecode.c.objc; path = SLLoginVC.m; sourceTree = "<group>"; };
		AE8DA43E22CC883300A08D50 /* SLLoginVC.xib */ = {isa = PBXFileReference; lastKnownFileType = file.xib; path = SLLoginVC.xib; sourceTree = "<group>"; };
		AE8DA44122CC89E600A08D50 /* SLLoginViewModel.h */ = {isa = PBXFileReference; lastKnownFileType = sourcecode.c.h; path = SLLoginViewModel.h; sourceTree = "<group>"; };
		AE8DA44222CC89E600A08D50 /* SLLoginViewModel.m */ = {isa = PBXFileReference; lastKnownFileType = sourcecode.c.objc; path = SLLoginViewModel.m; sourceTree = "<group>"; };
		AE8DA44422CC8ABB00A08D50 /* SLAccountModel.h */ = {isa = PBXFileReference; lastKnownFileType = sourcecode.c.h; path = SLAccountModel.h; sourceTree = "<group>"; };
		AE8DA44522CC8ABB00A08D50 /* SLAccountModel.m */ = {isa = PBXFileReference; lastKnownFileType = sourcecode.c.objc; path = SLAccountModel.m; sourceTree = "<group>"; };
		AE9B2DDE22B7450A004946D5 /* SLCustomRACView.h */ = {isa = PBXFileReference; lastKnownFileType = sourcecode.c.h; path = SLCustomRACView.h; sourceTree = "<group>"; };
		AE9B2DDF22B7450A004946D5 /* SLCustomRACView.m */ = {isa = PBXFileReference; lastKnownFileType = sourcecode.c.objc; path = SLCustomRACView.m; sourceTree = "<group>"; };
		AE9B2DE522B76A80004946D5 /* SLCountryModel.h */ = {isa = PBXFileReference; lastKnownFileType = sourcecode.c.h; path = SLCountryModel.h; sourceTree = "<group>"; };
		AE9B2DE622B76A80004946D5 /* SLCountryModel.m */ = {isa = PBXFileReference; lastKnownFileType = sourcecode.c.objc; path = SLCountryModel.m; sourceTree = "<group>"; };
		AE9B2DE822B76B96004946D5 /* SLContryView.h */ = {isa = PBXFileReference; lastKnownFileType = sourcecode.c.h; path = SLContryView.h; sourceTree = "<group>"; };
		AE9B2DE922B76B96004946D5 /* SLContryView.m */ = {isa = PBXFileReference; lastKnownFileType = sourcecode.c.objc; path = SLContryView.m; sourceTree = "<group>"; };
		AE9B2DED22B76BB8004946D5 /* SLContryView.xib */ = {isa = PBXFileReference; lastKnownFileType = file.xib; path = SLContryView.xib; sourceTree = "<group>"; };
		AE9B2DF122B76EA2004946D5 /* ydl.gif */ = {isa = PBXFileReference; lastKnownFileType = image.gif; path = ydl.gif; sourceTree = "<group>"; };
		AE9B2DF222B76EA2004946D5 /* putaoya.gif */ = {isa = PBXFileReference; lastKnownFileType = image.gif; path = putaoya.gif; sourceTree = "<group>"; };
		AE9B2DF322B76EA2004946D5 /* helan.gif */ = {isa = PBXFileReference; lastKnownFileType = image.gif; path = helan.gif; sourceTree = "<group>"; };
		AE9B2DF422B76EA2004946D5 /* wlgui.gif */ = {isa = PBXFileReference; lastKnownFileType = image.gif; path = wlgui.gif; sourceTree = "<group>"; };
		AE9B2DF522B76EA2004946D5 /* hanguo.gif */ = {isa = PBXFileReference; lastKnownFileType = image.gif; path = hanguo.gif; sourceTree = "<group>"; };
		AE9B2DF622B76EA2004946D5 /* ruishi.gif */ = {isa = PBXFileReference; lastKnownFileType = image.gif; path = ruishi.gif; sourceTree = "<group>"; };
		AE9B2DF722B76EA2004946D5 /* deguo.gif */ = {isa = PBXFileReference; lastKnownFileType = image.gif; path = deguo.gif; sourceTree = "<group>"; };
		AE9B2DF822B76EA2004946D5 /* agt.gif */ = {isa = PBXFileReference; lastKnownFileType = image.gif; path = agt.gif; sourceTree = "<group>"; };
		AE9B2DF922B76EA2004946D5 /* faguo.gif */ = {isa = PBXFileReference; lastKnownFileType = image.gif; path = faguo.gif; sourceTree = "<group>"; };
		AE9B2DFA22B76EA2004946D5 /* xiby.gif */ = {isa = PBXFileReference; lastKnownFileType = image.gif; path = xiby.gif; sourceTree = "<group>"; };
		AE9B2DFB22B76EA2004946D5 /* baxi.gif */ = {isa = PBXFileReference; lastKnownFileType = image.gif; path = baxi.gif; sourceTree = "<group>"; };
		AE9B2DFC22B76EA2004946D5 /* ruidian.gif */ = {isa = PBXFileReference; lastKnownFileType = image.gif; path = ruidian.gif; sourceTree = "<group>"; };
		AE9B2DFD22B76EA2004946D5 /* ying.gif */ = {isa = PBXFileReference; lastKnownFileType = image.gif; path = ying.gif; sourceTree = "<group>"; };
		AE9B2DFE22B76EA2004946D5 /* zhongguo.jpg */ = {isa = PBXFileReference; lastKnownFileType = image.jpeg; path = zhongguo.jpg; sourceTree = "<group>"; };
		AE9B2DFF22B76EA2004946D5 /* flags.plist */ = {isa = PBXFileReference; fileEncoding = 4; lastKnownFileType = text.plist.xml; path = flags.plist; sourceTree = "<group>"; };
		B626BC54EA8B1BA9A0CA2E3F /* Pods-LearnObjC.debug.xcconfig */ = {isa = PBXFileReference; includeInIndex = 1; lastKnownFileType = text.xcconfig; name = "Pods-LearnObjC.debug.xcconfig"; path = "Target Support Files/Pods-LearnObjC/Pods-LearnObjC.debug.xcconfig"; sourceTree = "<group>"; };
		C6510E1929C7A83E01290364 /* Pods-LearnObjCUITests.debug.xcconfig */ = {isa = PBXFileReference; includeInIndex = 1; lastKnownFileType = text.xcconfig; name = "Pods-LearnObjCUITests.debug.xcconfig"; path = "Target Support Files/Pods-LearnObjCUITests/Pods-LearnObjCUITests.debug.xcconfig"; sourceTree = "<group>"; };
		CF3141B73994785DC184517B /* Pods-LearnObjC.release.xcconfig */ = {isa = PBXFileReference; includeInIndex = 1; lastKnownFileType = text.xcconfig; name = "Pods-LearnObjC.release.xcconfig"; path = "Target Support Files/Pods-LearnObjC/Pods-LearnObjC.release.xcconfig"; sourceTree = "<group>"; };
		E755F2459566E07AA53545CE /* Pods-LearnObjCTests.release.xcconfig */ = {isa = PBXFileReference; includeInIndex = 1; lastKnownFileType = text.xcconfig; name = "Pods-LearnObjCTests.release.xcconfig"; path = "Target Support Files/Pods-LearnObjCTests/Pods-LearnObjCTests.release.xcconfig"; sourceTree = "<group>"; };
/* End PBXFileReference section */

/* Begin PBXFrameworksBuildPhase section */
		AE73DD9222B38A9B009C4963 /* Frameworks */ = {
			isa = PBXFrameworksBuildPhase;
			buildActionMask = 2147483647;
			files = (
				DC24A6FE26ED13C61330BEFD /* Pods_LearnObjC.framework in Frameworks */,
			);
			runOnlyForDeploymentPostprocessing = 0;
		};
		AE73DDAA22B38A9E009C4963 /* Frameworks */ = {
			isa = PBXFrameworksBuildPhase;
			buildActionMask = 2147483647;
			files = (
				C4DDB338AEB9B1FB329AB069 /* Pods_LearnObjCTests.framework in Frameworks */,
			);
			runOnlyForDeploymentPostprocessing = 0;
		};
		AE73DDB522B38A9E009C4963 /* Frameworks */ = {
			isa = PBXFrameworksBuildPhase;
			buildActionMask = 2147483647;
			files = (
				DC15220F535D12E6CB402368 /* Pods_LearnObjCUITests.framework in Frameworks */,
			);
			runOnlyForDeploymentPostprocessing = 0;
		};
/* End PBXFrameworksBuildPhase section */

/* Begin PBXGroup section */
		4E26D13C912E35E201F280DC /* Pods */ = {
			isa = PBXGroup;
			children = (
				B626BC54EA8B1BA9A0CA2E3F /* Pods-LearnObjC.debug.xcconfig */,
				CF3141B73994785DC184517B /* Pods-LearnObjC.release.xcconfig */,
				7AF24D973522DE072F2F8415 /* Pods-LearnObjCTests.debug.xcconfig */,
				E755F2459566E07AA53545CE /* Pods-LearnObjCTests.release.xcconfig */,
				C6510E1929C7A83E01290364 /* Pods-LearnObjCUITests.debug.xcconfig */,
				54F87434B5F226CE0CBA70E0 /* Pods-LearnObjCUITests.release.xcconfig */,
			);
			path = Pods;
			sourceTree = "<group>";
		};
		AE24E7AC22B482B5006A3273 /* SLPerson */ = {
			isa = PBXGroup;
			children = (
				AE24E7AD22B482C2006A3273 /* SLPerson.h */,
				AE24E7AE22B482C2006A3273 /* SLPerson.m */,
				AE24E7B422B48979006A3273 /* NSKVONotifying_SLPerson.h */,
				AE24E7B522B48979006A3273 /* NSKVONotifying_SLPerson.m */,
				AE24E7BA22B49168006A3273 /* SLFather.h */,
				AE24E7BB22B49168006A3273 /* SLFather.m */,
				AE24E7C022B4928A006A3273 /* SLSon.h */,
				AE24E7C122B4928A006A3273 /* SLSon.m */,
			);
			path = SLPerson;
			sourceTree = "<group>";
		};
		AE24E7B022B4877A006A3273 /* Category */ = {
			isa = PBXGroup;
			children = (
				AE24E7B122B48829006A3273 /* NSObject+KVO.h */,
				AE24E7B222B48829006A3273 /* NSObject+KVO.m */,
			);
			path = Category;
			sourceTree = "<group>";
		};
		AE24E7C322B497CD006A3273 /* RAC */ = {
			isa = PBXGroup;
			children = (
				AE83867B22BA305900077B5B /* Protocol */,
				AE83867722BA281B00077B5B /* ViewModels */,
				AE36AAEA22B9CE92009215D6 /* Tools */,
				AE9B2DEF22B76E7B004946D5 /* Resources */,
				AE9B2DE422B76A68004946D5 /* Models */,
				AE9B2DDD22B744E2004946D5 /* Views */,
				AE24E7C422B497D5006A3273 /* Controllers */,
			);
			path = RAC;
			sourceTree = "<group>";
		};
		AE24E7C422B497D5006A3273 /* Controllers */ = {
			isa = PBXGroup;
			children = (
				AE36AAE722B9CD96009215D6 /* SLUseRACTVC.h */,
				AE36AAE822B9CD96009215D6 /* SLUseRACTVC.m */,
				AE24E7C522B49808006A3273 /* SLRACExampleVC.h */,
				AE24E7C622B49808006A3273 /* SLRACExampleVC.m */,
				AE8DA43C22CC883300A08D50 /* SLLoginVC.h */,
				AE8DA43D22CC883300A08D50 /* SLLoginVC.m */,
				AE8DA43E22CC883300A08D50 /* SLLoginVC.xib */,
			);
			path = Controllers;
			sourceTree = "<group>";
		};
		AE36AAEA22B9CE92009215D6 /* Tools */ = {
			isa = PBXGroup;
			children = (
				AE36AAEB22B9CEA8009215D6 /* SLRACManager.h */,
				AE36AAEC22B9CEA8009215D6 /* SLRACManager.m */,
			);
			path = Tools;
			sourceTree = "<group>";
		};
		AE73DD8C22B38A9B009C4963 = {
			isa = PBXGroup;
			children = (
				AE73DD9722B38A9B009C4963 /* LearnObjC */,
				AE73DDB022B38A9E009C4963 /* LearnObjCTests */,
				AE73DDBB22B38A9E009C4963 /* LearnObjCUITests */,
				AE73DD9622B38A9B009C4963 /* Products */,
				4E26D13C912E35E201F280DC /* Pods */,
				F2898FA87E619954F20878C7 /* Frameworks */,
			);
			sourceTree = "<group>";
		};
		AE73DD9622B38A9B009C4963 /* Products */ = {
			isa = PBXGroup;
			children = (
				AE73DD9522B38A9B009C4963 /* LearnObjC.app */,
				AE73DDAD22B38A9E009C4963 /* LearnObjCTests.xctest */,
				AE73DDB822B38A9E009C4963 /* LearnObjCUITests.xctest */,
			);
			name = Products;
			sourceTree = "<group>";
		};
		AE73DD9722B38A9B009C4963 /* LearnObjC */ = {
			isa = PBXGroup;
			children = (
				AE73DDCA22B38CA5009C4963 /* Classes */,
				AE73DD9822B38A9B009C4963 /* AppDelegate.h */,
				AE73DD9922B38A9B009C4963 /* AppDelegate.m */,
				AE73DD9E22B38A9B009C4963 /* Main.storyboard */,
				AE73DDA122B38A9D009C4963 /* Assets.xcassets */,
				AE73DDA322B38A9D009C4963 /* LaunchScreen.storyboard */,
				AE73DDA622B38A9D009C4963 /* Info.plist */,
				AE73DDA722B38A9D009C4963 /* main.m */,
			);
			path = LearnObjC;
			sourceTree = "<group>";
		};
		AE73DDB022B38A9E009C4963 /* LearnObjCTests */ = {
			isa = PBXGroup;
			children = (
				AE73DDB122B38A9E009C4963 /* LearnObjCTests.m */,
				AE73DDB322B38A9E009C4963 /* Info.plist */,
			);
			path = LearnObjCTests;
			sourceTree = "<group>";
		};
		AE73DDBB22B38A9E009C4963 /* LearnObjCUITests */ = {
			isa = PBXGroup;
			children = (
				AE73DDBC22B38A9E009C4963 /* LearnObjCUITests.m */,
				AE73DDBE22B38A9E009C4963 /* Info.plist */,
			);
			path = LearnObjCUITests;
			sourceTree = "<group>";
		};
		AE73DDCA22B38CA5009C4963 /* Classes */ = {
			isa = PBXGroup;
			children = (
				AE24E7C322B497CD006A3273 /* RAC */,
				AE73DDCF22B38D0E009C4963 /* Home */,
				AE73DDD022B390EC009C4963 /* Thinking */,
			);
			path = Classes;
			sourceTree = "<group>";
		};
		AE73DDCB22B38CAD009C4963 /* Controllers */ = {
			isa = PBXGroup;
			children = (
				AE73DDCC22B38CFD009C4963 /* SLHomeTVC.h */,
				AE73DDCD22B38CFD009C4963 /* SLHomeTVC.m */,
			);
			path = Controllers;
			sourceTree = "<group>";
		};
		AE73DDCF22B38D0E009C4963 /* Home */ = {
			isa = PBXGroup;
			children = (
				AE73DDCB22B38CAD009C4963 /* Controllers */,
			);
			path = Home;
			sourceTree = "<group>";
		};
		AE73DDD022B390EC009C4963 /* Thinking */ = {
			isa = PBXGroup;
			children = (
				AE24E7B022B4877A006A3273 /* Category */,
				AE24E7AC22B482B5006A3273 /* SLPerson */,
				AE73DDDB22B39AA3009C4963 /* Tools */,
				AE73DDD122B390FD009C4963 /* Controllers */,
			);
			path = Thinking;
			sourceTree = "<group>";
		};
		AE73DDD122B390FD009C4963 /* Controllers */ = {
			isa = PBXGroup;
			children = (
				AE73DDD222B39160009C4963 /* SLChianVC.h */,
				AE73DDD322B39160009C4963 /* SLChianVC.m */,
				AE73DDD522B391E6009C4963 /* SLObserverVC.h */,
				AE73DDD622B391E6009C4963 /* SLObserverVC.m */,
				AE73DDD822B391F5009C4963 /* SLFunctionVC.h */,
				AE73DDD922B391F5009C4963 /* SLFunctionVC.m */,
				AE24E7B722B490FD006A3273 /* SLSuperOrSuperClassVC.h */,
				AE24E7B822B490FD006A3273 /* SLSuperOrSuperClassVC.m */,
			);
			path = Controllers;
			sourceTree = "<group>";
		};
		AE73DDDB22B39AA3009C4963 /* Tools */ = {
			isa = PBXGroup;
			children = (
				AE73DDDC22B39BD3009C4963 /* SLCalculatorManager.h */,
				AE73DDDD22B39BD3009C4963 /* SLCalculatorManager.m */,
			);
			path = Tools;
			sourceTree = "<group>";
		};
		AE83867722BA281B00077B5B /* ViewModels */ = {
			isa = PBXGroup;
			children = (
				AE83867822BA28CB00077B5B /* SLPickerViewModel.h */,
				AE83867922BA28CB00077B5B /* SLPickerViewModel.m */,
				AE83867D22BA313F00077B5B /* SLCountryViewModel.h */,
				AE83867E22BA313F00077B5B /* SLCountryViewModel.m */,
				AE8DA44122CC89E600A08D50 /* SLLoginViewModel.h */,
				AE8DA44222CC89E600A08D50 /* SLLoginViewModel.m */,
			);
			path = ViewModels;
			sourceTree = "<group>";
		};
		AE83867B22BA305900077B5B /* Protocol */ = {
			isa = PBXGroup;
			children = (
				AE83867C22BA307000077B5B /* SLViewModelProtocol.h */,
			);
			path = Protocol;
			sourceTree = "<group>";
		};
		AE9B2DDD22B744E2004946D5 /* Views */ = {
			isa = PBXGroup;
			children = (
				AE9B2DDE22B7450A004946D5 /* SLCustomRACView.h */,
				AE9B2DDF22B7450A004946D5 /* SLCustomRACView.m */,
				AE9B2DE822B76B96004946D5 /* SLContryView.h */,
				AE9B2DE922B76B96004946D5 /* SLContryView.m */,
				AE9B2DED22B76BB8004946D5 /* SLContryView.xib */,
			);
			path = Views;
			sourceTree = "<group>";
		};
		AE9B2DE422B76A68004946D5 /* Models */ = {
			isa = PBXGroup;
			children = (
				AE9B2DE522B76A80004946D5 /* SLCountryModel.h */,
				AE9B2DE622B76A80004946D5 /* SLCountryModel.m */,
				AE8DA44422CC8ABB00A08D50 /* SLAccountModel.h */,
				AE8DA44522CC8ABB00A08D50 /* SLAccountModel.m */,
			);
			path = Models;
			sourceTree = "<group>";
		};
		AE9B2DEF22B76E7B004946D5 /* Resources */ = {
			isa = PBXGroup;
			children = (
				AE9B2DF022B76EA2004946D5 /* Contries */,
			);
			path = Resources;
			sourceTree = "<group>";
		};
		AE9B2DF022B76EA2004946D5 /* Contries */ = {
			isa = PBXGroup;
			children = (
				AE9B2DF122B76EA2004946D5 /* ydl.gif */,
				AE9B2DF222B76EA2004946D5 /* putaoya.gif */,
				AE9B2DF322B76EA2004946D5 /* helan.gif */,
				AE9B2DF422B76EA2004946D5 /* wlgui.gif */,
				AE9B2DF522B76EA2004946D5 /* hanguo.gif */,
				AE9B2DF622B76EA2004946D5 /* ruishi.gif */,
				AE9B2DF722B76EA2004946D5 /* deguo.gif */,
				AE9B2DF822B76EA2004946D5 /* agt.gif */,
				AE9B2DF922B76EA2004946D5 /* faguo.gif */,
				AE9B2DFA22B76EA2004946D5 /* xiby.gif */,
				AE9B2DFB22B76EA2004946D5 /* baxi.gif */,
				AE9B2DFC22B76EA2004946D5 /* ruidian.gif */,
				AE9B2DFD22B76EA2004946D5 /* ying.gif */,
				AE9B2DFE22B76EA2004946D5 /* zhongguo.jpg */,
				AE9B2DFF22B76EA2004946D5 /* flags.plist */,
			);
			path = Contries;
			sourceTree = "<group>";
		};
		F2898FA87E619954F20878C7 /* Frameworks */ = {
			isa = PBXGroup;
			children = (
				A78B6385174A764E33C9F800 /* Pods_LearnObjC.framework */,
				2D504F096E730BFCD6C08332 /* Pods_LearnObjCTests.framework */,
				2297D248B52361B04A510BFE /* Pods_LearnObjCUITests.framework */,
			);
			name = Frameworks;
			sourceTree = "<group>";
		};
/* End PBXGroup section */

/* Begin PBXNativeTarget section */
		AE73DD9422B38A9B009C4963 /* LearnObjC */ = {
			isa = PBXNativeTarget;
			buildConfigurationList = AE73DDC122B38A9E009C4963 /* Build configuration list for PBXNativeTarget "LearnObjC" */;
			buildPhases = (
				B85E748A3DBC4FC86752062C /* [CP] Check Pods Manifest.lock */,
				AE73DD9122B38A9B009C4963 /* Sources */,
				AE73DD9222B38A9B009C4963 /* Frameworks */,
				AE73DD9322B38A9B009C4963 /* Resources */,
				19CCDA1A0B97D877BF5CAE88 /* [CP] Embed Pods Frameworks */,
			);
			buildRules = (
			);
			dependencies = (
			);
			name = LearnObjC;
			productName = LearnObjC;
			productReference = AE73DD9522B38A9B009C4963 /* LearnObjC.app */;
			productType = "com.apple.product-type.application";
		};
		AE73DDAC22B38A9E009C4963 /* LearnObjCTests */ = {
			isa = PBXNativeTarget;
			buildConfigurationList = AE73DDC422B38A9E009C4963 /* Build configuration list for PBXNativeTarget "LearnObjCTests" */;
			buildPhases = (
				C5E38F477F7260FB1C8005A4 /* [CP] Check Pods Manifest.lock */,
				AE73DDA922B38A9E009C4963 /* Sources */,
				AE73DDAA22B38A9E009C4963 /* Frameworks */,
				AE73DDAB22B38A9E009C4963 /* Resources */,
			);
			buildRules = (
			);
			dependencies = (
				AE73DDAF22B38A9E009C4963 /* PBXTargetDependency */,
			);
			name = LearnObjCTests;
			productName = LearnObjCTests;
			productReference = AE73DDAD22B38A9E009C4963 /* LearnObjCTests.xctest */;
			productType = "com.apple.product-type.bundle.unit-test";
		};
		AE73DDB722B38A9E009C4963 /* LearnObjCUITests */ = {
			isa = PBXNativeTarget;
			buildConfigurationList = AE73DDC722B38A9E009C4963 /* Build configuration list for PBXNativeTarget "LearnObjCUITests" */;
			buildPhases = (
				C62BD5816454E670D9FF2576 /* [CP] Check Pods Manifest.lock */,
				AE73DDB422B38A9E009C4963 /* Sources */,
				AE73DDB522B38A9E009C4963 /* Frameworks */,
				AE73DDB622B38A9E009C4963 /* Resources */,
			);
			buildRules = (
			);
			dependencies = (
				AE73DDBA22B38A9E009C4963 /* PBXTargetDependency */,
			);
			name = LearnObjCUITests;
			productName = LearnObjCUITests;
			productReference = AE73DDB822B38A9E009C4963 /* LearnObjCUITests.xctest */;
			productType = "com.apple.product-type.bundle.ui-testing";
		};
/* End PBXNativeTarget section */

/* Begin PBXProject section */
		AE73DD8D22B38A9B009C4963 /* Project object */ = {
			isa = PBXProject;
			attributes = {
				CLASSPREFIX = SL;
				LastUpgradeCheck = 1020;
				ORGANIZATIONNAME = CoderSLZeng;
				TargetAttributes = {
					AE73DD9422B38A9B009C4963 = {
						CreatedOnToolsVersion = 10.2.1;
					};
					AE73DDAC22B38A9E009C4963 = {
						CreatedOnToolsVersion = 10.2.1;
						TestTargetID = AE73DD9422B38A9B009C4963;
					};
					AE73DDB722B38A9E009C4963 = {
						CreatedOnToolsVersion = 10.2.1;
						TestTargetID = AE73DD9422B38A9B009C4963;
					};
				};
			};
			buildConfigurationList = AE73DD9022B38A9B009C4963 /* Build configuration list for PBXProject "LearnObjC" */;
			compatibilityVersion = "Xcode 9.3";
			developmentRegion = en;
			hasScannedForEncodings = 0;
			knownRegions = (
				en,
				Base,
			);
			mainGroup = AE73DD8C22B38A9B009C4963;
			productRefGroup = AE73DD9622B38A9B009C4963 /* Products */;
			projectDirPath = "";
			projectRoot = "";
			targets = (
				AE73DD9422B38A9B009C4963 /* LearnObjC */,
				AE73DDAC22B38A9E009C4963 /* LearnObjCTests */,
				AE73DDB722B38A9E009C4963 /* LearnObjCUITests */,
			);
		};
/* End PBXProject section */

/* Begin PBXResourcesBuildPhase section */
		AE73DD9322B38A9B009C4963 /* Resources */ = {
			isa = PBXResourcesBuildPhase;
			buildActionMask = 2147483647;
			files = (
				AE73DDA522B38A9D009C4963 /* LaunchScreen.storyboard in Resources */,
				AE9B2E0422B76EA2004946D5 /* hanguo.gif in Resources */,
				AE9B2E0022B76EA2004946D5 /* ydl.gif in Resources */,
				AE8DA44022CC883300A08D50 /* SLLoginVC.xib in Resources */,
				AE9B2E0722B76EA2004946D5 /* agt.gif in Resources */,
				AE9B2E0122B76EA2004946D5 /* putaoya.gif in Resources */,
				AE9B2E0E22B76EA2004946D5 /* flags.plist in Resources */,
				AE73DDA222B38A9D009C4963 /* Assets.xcassets in Resources */,
				AE9B2E0622B76EA2004946D5 /* deguo.gif in Resources */,
				AE9B2E0A22B76EA2004946D5 /* baxi.gif in Resources */,
				AE9B2E0D22B76EA2004946D5 /* zhongguo.jpg in Resources */,
				AE9B2E0822B76EA2004946D5 /* faguo.gif in Resources */,
				AE9B2E0C22B76EA2004946D5 /* ying.gif in Resources */,
				AE9B2E0922B76EA2004946D5 /* xiby.gif in Resources */,
				AE9B2DEE22B76BB8004946D5 /* SLContryView.xib in Resources */,
				AE9B2E0B22B76EA2004946D5 /* ruidian.gif in Resources */,
				AE9B2E0322B76EA2004946D5 /* wlgui.gif in Resources */,
				AE73DDA022B38A9B009C4963 /* Main.storyboard in Resources */,
				AE9B2E0522B76EA2004946D5 /* ruishi.gif in Resources */,
				AE9B2E0222B76EA2004946D5 /* helan.gif in Resources */,
			);
			runOnlyForDeploymentPostprocessing = 0;
		};
		AE73DDAB22B38A9E009C4963 /* Resources */ = {
			isa = PBXResourcesBuildPhase;
			buildActionMask = 2147483647;
			files = (
			);
			runOnlyForDeploymentPostprocessing = 0;
		};
		AE73DDB622B38A9E009C4963 /* Resources */ = {
			isa = PBXResourcesBuildPhase;
			buildActionMask = 2147483647;
			files = (
			);
			runOnlyForDeploymentPostprocessing = 0;
		};
/* End PBXResourcesBuildPhase section */

/* Begin PBXShellScriptBuildPhase section */
		19CCDA1A0B97D877BF5CAE88 /* [CP] Embed Pods Frameworks */ = {
			isa = PBXShellScriptBuildPhase;
			buildActionMask = 2147483647;
			files = (
			);
			inputFileListPaths = (
			);
			inputPaths = (
				"${PODS_ROOT}/Target Support Files/Pods-LearnObjC/Pods-LearnObjC-frameworks.sh",
				"${BUILT_PRODUCTS_DIR}/ReactiveObjC/ReactiveObjC.framework",
				"${BUILT_PRODUCTS_DIR}/SVProgressHUD/SVProgressHUD.framework",
			);
			name = "[CP] Embed Pods Frameworks";
			outputFileListPaths = (
			);
			outputPaths = (
				"${TARGET_BUILD_DIR}/${FRAMEWORKS_FOLDER_PATH}/ReactiveObjC.framework",
				"${TARGET_BUILD_DIR}/${FRAMEWORKS_FOLDER_PATH}/SVProgressHUD.framework",
			);
			runOnlyForDeploymentPostprocessing = 0;
			shellPath = /bin/sh;
			shellScript = "\"${PODS_ROOT}/Target Support Files/Pods-LearnObjC/Pods-LearnObjC-frameworks.sh\"\n";
			showEnvVarsInLog = 0;
		};
		B85E748A3DBC4FC86752062C /* [CP] Check Pods Manifest.lock */ = {
			isa = PBXShellScriptBuildPhase;
			buildActionMask = 2147483647;
			files = (
			);
			inputFileListPaths = (
			);
			inputPaths = (
				"${PODS_PODFILE_DIR_PATH}/Podfile.lock",
				"${PODS_ROOT}/Manifest.lock",
			);
			name = "[CP] Check Pods Manifest.lock";
			outputFileListPaths = (
			);
			outputPaths = (
				"$(DERIVED_FILE_DIR)/Pods-LearnObjC-checkManifestLockResult.txt",
			);
			runOnlyForDeploymentPostprocessing = 0;
			shellPath = /bin/sh;
			shellScript = "diff \"${PODS_PODFILE_DIR_PATH}/Podfile.lock\" \"${PODS_ROOT}/Manifest.lock\" > /dev/null\nif [ $? != 0 ] ; then\n    # print error to STDERR\n    echo \"error: The sandbox is not in sync with the Podfile.lock. Run 'pod install' or update your CocoaPods installation.\" >&2\n    exit 1\nfi\n# This output is used by Xcode 'outputs' to avoid re-running this script phase.\necho \"SUCCESS\" > \"${SCRIPT_OUTPUT_FILE_0}\"\n";
			showEnvVarsInLog = 0;
		};
		C5E38F477F7260FB1C8005A4 /* [CP] Check Pods Manifest.lock */ = {
			isa = PBXShellScriptBuildPhase;
			buildActionMask = 2147483647;
			files = (
			);
			inputFileListPaths = (
			);
			inputPaths = (
				"${PODS_PODFILE_DIR_PATH}/Podfile.lock",
				"${PODS_ROOT}/Manifest.lock",
			);
			name = "[CP] Check Pods Manifest.lock";
			outputFileListPaths = (
			);
			outputPaths = (
				"$(DERIVED_FILE_DIR)/Pods-LearnObjCTests-checkManifestLockResult.txt",
			);
			runOnlyForDeploymentPostprocessing = 0;
			shellPath = /bin/sh;
			shellScript = "diff \"${PODS_PODFILE_DIR_PATH}/Podfile.lock\" \"${PODS_ROOT}/Manifest.lock\" > /dev/null\nif [ $? != 0 ] ; then\n    # print error to STDERR\n    echo \"error: The sandbox is not in sync with the Podfile.lock. Run 'pod install' or update your CocoaPods installation.\" >&2\n    exit 1\nfi\n# This output is used by Xcode 'outputs' to avoid re-running this script phase.\necho \"SUCCESS\" > \"${SCRIPT_OUTPUT_FILE_0}\"\n";
			showEnvVarsInLog = 0;
		};
		C62BD5816454E670D9FF2576 /* [CP] Check Pods Manifest.lock */ = {
			isa = PBXShellScriptBuildPhase;
			buildActionMask = 2147483647;
			files = (
			);
			inputFileListPaths = (
			);
			inputPaths = (
				"${PODS_PODFILE_DIR_PATH}/Podfile.lock",
				"${PODS_ROOT}/Manifest.lock",
			);
			name = "[CP] Check Pods Manifest.lock";
			outputFileListPaths = (
			);
			outputPaths = (
				"$(DERIVED_FILE_DIR)/Pods-LearnObjCUITests-checkManifestLockResult.txt",
			);
			runOnlyForDeploymentPostprocessing = 0;
			shellPath = /bin/sh;
			shellScript = "diff \"${PODS_PODFILE_DIR_PATH}/Podfile.lock\" \"${PODS_ROOT}/Manifest.lock\" > /dev/null\nif [ $? != 0 ] ; then\n    # print error to STDERR\n    echo \"error: The sandbox is not in sync with the Podfile.lock. Run 'pod install' or update your CocoaPods installation.\" >&2\n    exit 1\nfi\n# This output is used by Xcode 'outputs' to avoid re-running this script phase.\necho \"SUCCESS\" > \"${SCRIPT_OUTPUT_FILE_0}\"\n";
			showEnvVarsInLog = 0;
		};
/* End PBXShellScriptBuildPhase section */

/* Begin PBXSourcesBuildPhase section */
		AE73DD9122B38A9B009C4963 /* Sources */ = {
			isa = PBXSourcesBuildPhase;
			buildActionMask = 2147483647;
			files = (
				AE36AAED22B9CEA8009215D6 /* SLRACManager.m in Sources */,
				AE73DDCE22B38CFD009C4963 /* SLHomeTVC.m in Sources */,
				AE73DDD422B39160009C4963 /* SLChianVC.m in Sources */,
				AE73DDA822B38A9D009C4963 /* main.m in Sources */,
				AE9B2DE722B76A80004946D5 /* SLCountryModel.m in Sources */,
				AE24E7B922B490FD006A3273 /* SLSuperOrSuperClassVC.m in Sources */,
				AE36AAE922B9CD96009215D6 /* SLUseRACTVC.m in Sources */,
				AE8DA44322CC89E600A08D50 /* SLLoginViewModel.m in Sources */,
				AE8DA44622CC8ABB00A08D50 /* SLAccountModel.m in Sources */,
				AE83867A22BA28CB00077B5B /* SLPickerViewModel.m in Sources */,
				AE24E7AF22B482C2006A3273 /* SLPerson.m in Sources */,
				AE73DDDE22B39BD3009C4963 /* SLCalculatorManager.m in Sources */,
				AE9B2DE022B7450A004946D5 /* SLCustomRACView.m in Sources */,
				AE24E7C222B4928A006A3273 /* SLSon.m in Sources */,
				AE24E7B622B48979006A3273 /* NSKVONotifying_SLPerson.m in Sources */,
				AE73DD9A22B38A9B009C4963 /* AppDelegate.m in Sources */,
				AE73DDD722B391E6009C4963 /* SLObserverVC.m in Sources */,
				AE8DA43F22CC883300A08D50 /* SLLoginVC.m in Sources */,
				AE9B2DEA22B76B96004946D5 /* SLContryView.m in Sources */,
				AE24E7C722B49808006A3273 /* SLRACExampleVC.m in Sources */,
				AE83867F22BA313F00077B5B /* SLCountryViewModel.m in Sources */,
				AE73DDDA22B391F5009C4963 /* SLFunctionVC.m in Sources */,
				AE24E7BC22B49168006A3273 /* SLFather.m in Sources */,
				AE24E7B322B48829006A3273 /* NSObject+KVO.m in Sources */,
			);
			runOnlyForDeploymentPostprocessing = 0;
		};
		AE73DDA922B38A9E009C4963 /* Sources */ = {
			isa = PBXSourcesBuildPhase;
			buildActionMask = 2147483647;
			files = (
				AE73DDB222B38A9E009C4963 /* LearnObjCTests.m in Sources */,
			);
			runOnlyForDeploymentPostprocessing = 0;
		};
		AE73DDB422B38A9E009C4963 /* Sources */ = {
			isa = PBXSourcesBuildPhase;
			buildActionMask = 2147483647;
			files = (
				AE73DDBD22B38A9E009C4963 /* LearnObjCUITests.m in Sources */,
			);
			runOnlyForDeploymentPostprocessing = 0;
		};
/* End PBXSourcesBuildPhase section */

/* Begin PBXTargetDependency section */
		AE73DDAF22B38A9E009C4963 /* PBXTargetDependency */ = {
			isa = PBXTargetDependency;
			target = AE73DD9422B38A9B009C4963 /* LearnObjC */;
			targetProxy = AE73DDAE22B38A9E009C4963 /* PBXContainerItemProxy */;
		};
		AE73DDBA22B38A9E009C4963 /* PBXTargetDependency */ = {
			isa = PBXTargetDependency;
			target = AE73DD9422B38A9B009C4963 /* LearnObjC */;
			targetProxy = AE73DDB922B38A9E009C4963 /* PBXContainerItemProxy */;
		};
/* End PBXTargetDependency section */

/* Begin PBXVariantGroup section */
		AE73DD9E22B38A9B009C4963 /* Main.storyboard */ = {
			isa = PBXVariantGroup;
			children = (
				AE73DD9F22B38A9B009C4963 /* Base */,
			);
			name = Main.storyboard;
			sourceTree = "<group>";
		};
		AE73DDA322B38A9D009C4963 /* LaunchScreen.storyboard */ = {
			isa = PBXVariantGroup;
			children = (
				AE73DDA422B38A9D009C4963 /* Base */,
			);
			name = LaunchScreen.storyboard;
			sourceTree = "<group>";
		};
/* End PBXVariantGroup section */

/* Begin XCBuildConfiguration section */
		AE73DDBF22B38A9E009C4963 /* Debug */ = {
			isa = XCBuildConfiguration;
			buildSettings = {
				ALWAYS_SEARCH_USER_PATHS = NO;
				CLANG_ANALYZER_NONNULL = YES;
				CLANG_ANALYZER_NUMBER_OBJECT_CONVERSION = YES_AGGRESSIVE;
				CLANG_CXX_LANGUAGE_STANDARD = "gnu++14";
				CLANG_CXX_LIBRARY = "libc++";
				CLANG_ENABLE_MODULES = YES;
				CLANG_ENABLE_OBJC_ARC = YES;
				CLANG_ENABLE_OBJC_WEAK = YES;
				CLANG_WARN_BLOCK_CAPTURE_AUTORELEASING = YES;
				CLANG_WARN_BOOL_CONVERSION = YES;
				CLANG_WARN_COMMA = YES;
				CLANG_WARN_CONSTANT_CONVERSION = YES;
				CLANG_WARN_DEPRECATED_OBJC_IMPLEMENTATIONS = YES;
				CLANG_WARN_DIRECT_OBJC_ISA_USAGE = YES_ERROR;
				CLANG_WARN_DOCUMENTATION_COMMENTS = YES;
				CLANG_WARN_EMPTY_BODY = YES;
				CLANG_WARN_ENUM_CONVERSION = YES;
				CLANG_WARN_INFINITE_RECURSION = YES;
				CLANG_WARN_INT_CONVERSION = YES;
				CLANG_WARN_NON_LITERAL_NULL_CONVERSION = YES;
				CLANG_WARN_OBJC_IMPLICIT_RETAIN_SELF = YES;
				CLANG_WARN_OBJC_LITERAL_CONVERSION = YES;
				CLANG_WARN_OBJC_ROOT_CLASS = YES_ERROR;
				CLANG_WARN_RANGE_LOOP_ANALYSIS = YES;
				CLANG_WARN_STRICT_PROTOTYPES = YES;
				CLANG_WARN_SUSPICIOUS_MOVE = YES;
				CLANG_WARN_UNGUARDED_AVAILABILITY = YES_AGGRESSIVE;
				CLANG_WARN_UNREACHABLE_CODE = YES;
				CLANG_WARN__DUPLICATE_METHOD_MATCH = YES;
				CODE_SIGN_IDENTITY = "iPhone Developer";
				COPY_PHASE_STRIP = NO;
				DEBUG_INFORMATION_FORMAT = dwarf;
				ENABLE_STRICT_OBJC_MSGSEND = YES;
				ENABLE_TESTABILITY = YES;
				GCC_C_LANGUAGE_STANDARD = gnu11;
				GCC_DYNAMIC_NO_PIC = NO;
				GCC_NO_COMMON_BLOCKS = YES;
				GCC_OPTIMIZATION_LEVEL = 0;
				GCC_PREPROCESSOR_DEFINITIONS = (
					"DEBUG=1",
					"$(inherited)",
				);
				GCC_WARN_64_TO_32_BIT_CONVERSION = YES;
				GCC_WARN_ABOUT_RETURN_TYPE = YES_ERROR;
				GCC_WARN_UNDECLARED_SELECTOR = YES;
				GCC_WARN_UNINITIALIZED_AUTOS = YES_AGGRESSIVE;
				GCC_WARN_UNUSED_FUNCTION = YES;
				GCC_WARN_UNUSED_VARIABLE = YES;
				IPHONEOS_DEPLOYMENT_TARGET = 12.2;
				MTL_ENABLE_DEBUG_INFO = INCLUDE_SOURCE;
				MTL_FAST_MATH = YES;
				ONLY_ACTIVE_ARCH = YES;
				SDKROOT = iphoneos;
			};
			name = Debug;
		};
		AE73DDC022B38A9E009C4963 /* Release */ = {
			isa = XCBuildConfiguration;
			buildSettings = {
				ALWAYS_SEARCH_USER_PATHS = NO;
				CLANG_ANALYZER_NONNULL = YES;
				CLANG_ANALYZER_NUMBER_OBJECT_CONVERSION = YES_AGGRESSIVE;
				CLANG_CXX_LANGUAGE_STANDARD = "gnu++14";
				CLANG_CXX_LIBRARY = "libc++";
				CLANG_ENABLE_MODULES = YES;
				CLANG_ENABLE_OBJC_ARC = YES;
				CLANG_ENABLE_OBJC_WEAK = YES;
				CLANG_WARN_BLOCK_CAPTURE_AUTORELEASING = YES;
				CLANG_WARN_BOOL_CONVERSION = YES;
				CLANG_WARN_COMMA = YES;
				CLANG_WARN_CONSTANT_CONVERSION = YES;
				CLANG_WARN_DEPRECATED_OBJC_IMPLEMENTATIONS = YES;
				CLANG_WARN_DIRECT_OBJC_ISA_USAGE = YES_ERROR;
				CLANG_WARN_DOCUMENTATION_COMMENTS = YES;
				CLANG_WARN_EMPTY_BODY = YES;
				CLANG_WARN_ENUM_CONVERSION = YES;
				CLANG_WARN_INFINITE_RECURSION = YES;
				CLANG_WARN_INT_CONVERSION = YES;
				CLANG_WARN_NON_LITERAL_NULL_CONVERSION = YES;
				CLANG_WARN_OBJC_IMPLICIT_RETAIN_SELF = YES;
				CLANG_WARN_OBJC_LITERAL_CONVERSION = YES;
				CLANG_WARN_OBJC_ROOT_CLASS = YES_ERROR;
				CLANG_WARN_RANGE_LOOP_ANALYSIS = YES;
				CLANG_WARN_STRICT_PROTOTYPES = YES;
				CLANG_WARN_SUSPICIOUS_MOVE = YES;
				CLANG_WARN_UNGUARDED_AVAILABILITY = YES_AGGRESSIVE;
				CLANG_WARN_UNREACHABLE_CODE = YES;
				CLANG_WARN__DUPLICATE_METHOD_MATCH = YES;
				CODE_SIGN_IDENTITY = "iPhone Developer";
				COPY_PHASE_STRIP = NO;
				DEBUG_INFORMATION_FORMAT = "dwarf-with-dsym";
				ENABLE_NS_ASSERTIONS = NO;
				ENABLE_STRICT_OBJC_MSGSEND = YES;
				GCC_C_LANGUAGE_STANDARD = gnu11;
				GCC_NO_COMMON_BLOCKS = YES;
				GCC_WARN_64_TO_32_BIT_CONVERSION = YES;
				GCC_WARN_ABOUT_RETURN_TYPE = YES_ERROR;
				GCC_WARN_UNDECLARED_SELECTOR = YES;
				GCC_WARN_UNINITIALIZED_AUTOS = YES_AGGRESSIVE;
				GCC_WARN_UNUSED_FUNCTION = YES;
				GCC_WARN_UNUSED_VARIABLE = YES;
				IPHONEOS_DEPLOYMENT_TARGET = 12.2;
				MTL_ENABLE_DEBUG_INFO = NO;
				MTL_FAST_MATH = YES;
				SDKROOT = iphoneos;
				VALIDATE_PRODUCT = YES;
			};
			name = Release;
		};
		AE73DDC222B38A9E009C4963 /* Debug */ = {
			isa = XCBuildConfiguration;
			baseConfigurationReference = B626BC54EA8B1BA9A0CA2E3F /* Pods-LearnObjC.debug.xcconfig */;
			buildSettings = {
				ASSETCATALOG_COMPILER_APPICON_NAME = AppIcon;
				CODE_SIGN_STYLE = Automatic;
				DEVELOPMENT_TEAM = CF3ZTC43YH;
				INFOPLIST_FILE = LearnObjC/Info.plist;
				IPHONEOS_DEPLOYMENT_TARGET = 11.0;
				LD_RUNPATH_SEARCH_PATHS = (
					"$(inherited)",
					"@executable_path/Frameworks",
				);
				PRODUCT_BUNDLE_IDENTIFIER = com.CoderSLZeng.LearnObjC;
				PRODUCT_NAME = "$(TARGET_NAME)";
				TARGETED_DEVICE_FAMILY = 1;
			};
			name = Debug;
		};
		AE73DDC322B38A9E009C4963 /* Release */ = {
			isa = XCBuildConfiguration;
			baseConfigurationReference = CF3141B73994785DC184517B /* Pods-LearnObjC.release.xcconfig */;
			buildSettings = {
				ASSETCATALOG_COMPILER_APPICON_NAME = AppIcon;
				CODE_SIGN_STYLE = Automatic;
				DEVELOPMENT_TEAM = CF3ZTC43YH;
				INFOPLIST_FILE = LearnObjC/Info.plist;
				IPHONEOS_DEPLOYMENT_TARGET = 11.0;
				LD_RUNPATH_SEARCH_PATHS = (
					"$(inherited)",
					"@executable_path/Frameworks",
				);
				PRODUCT_BUNDLE_IDENTIFIER = com.CoderSLZeng.LearnObjC;
				PRODUCT_NAME = "$(TARGET_NAME)";
				TARGETED_DEVICE_FAMILY = 1;
			};
			name = Release;
		};
		AE73DDC522B38A9E009C4963 /* Debug */ = {
			isa = XCBuildConfiguration;
			baseConfigurationReference = 7AF24D973522DE072F2F8415 /* Pods-LearnObjCTests.debug.xcconfig */;
			buildSettings = {
				BUNDLE_LOADER = "$(TEST_HOST)";
				CODE_SIGN_STYLE = Automatic;
				DEVELOPMENT_TEAM = CF3ZTC43YH;
				INFOPLIST_FILE = LearnObjCTests/Info.plist;
				LD_RUNPATH_SEARCH_PATHS = (
					"$(inherited)",
					"@executable_path/Frameworks",
					"@loader_path/Frameworks",
				);
				PRODUCT_BUNDLE_IDENTIFIER = com.CoderSLZeng.LearnObjCTests;
				PRODUCT_NAME = "$(TARGET_NAME)";
				TARGETED_DEVICE_FAMILY = "1,2";
				TEST_HOST = "$(BUILT_PRODUCTS_DIR)/LearnObjC.app/LearnObjC";
			};
			name = Debug;
		};
		AE73DDC622B38A9E009C4963 /* Release */ = {
			isa = XCBuildConfiguration;
			baseConfigurationReference = E755F2459566E07AA53545CE /* Pods-LearnObjCTests.release.xcconfig */;
			buildSettings = {
				BUNDLE_LOADER = "$(TEST_HOST)";
				CODE_SIGN_STYLE = Automatic;
				DEVELOPMENT_TEAM = CF3ZTC43YH;
				INFOPLIST_FILE = LearnObjCTests/Info.plist;
				LD_RUNPATH_SEARCH_PATHS = (
					"$(inherited)",
					"@executable_path/Frameworks",
					"@loader_path/Frameworks",
				);
				PRODUCT_BUNDLE_IDENTIFIER = com.CoderSLZeng.LearnObjCTests;
				PRODUCT_NAME = "$(TARGET_NAME)";
				TARGETED_DEVICE_FAMILY = "1,2";
				TEST_HOST = "$(BUILT_PRODUCTS_DIR)/LearnObjC.app/LearnObjC";
			};
			name = Release;
		};
		AE73DDC822B38A9E009C4963 /* Debug */ = {
			isa = XCBuildConfiguration;
			baseConfigurationReference = C6510E1929C7A83E01290364 /* Pods-LearnObjCUITests.debug.xcconfig */;
			buildSettings = {
				CODE_SIGN_STYLE = Automatic;
				DEVELOPMENT_TEAM = CF3ZTC43YH;
				INFOPLIST_FILE = LearnObjCUITests/Info.plist;
				LD_RUNPATH_SEARCH_PATHS = (
					"$(inherited)",
					"@executable_path/Frameworks",
					"@loader_path/Frameworks",
				);
				PRODUCT_BUNDLE_IDENTIFIER = com.CoderSLZeng.LearnObjCUITests;
				PRODUCT_NAME = "$(TARGET_NAME)";
				TARGETED_DEVICE_FAMILY = "1,2";
				TEST_TARGET_NAME = LearnObjC;
			};
			name = Debug;
		};
		AE73DDC922B38A9E009C4963 /* Release */ = {
			isa = XCBuildConfiguration;
			baseConfigurationReference = 54F87434B5F226CE0CBA70E0 /* Pods-LearnObjCUITests.release.xcconfig */;
			buildSettings = {
				CODE_SIGN_STYLE = Automatic;
				DEVELOPMENT_TEAM = CF3ZTC43YH;
				INFOPLIST_FILE = LearnObjCUITests/Info.plist;
				LD_RUNPATH_SEARCH_PATHS = (
					"$(inherited)",
					"@executable_path/Frameworks",
					"@loader_path/Frameworks",
				);
				PRODUCT_BUNDLE_IDENTIFIER = com.CoderSLZeng.LearnObjCUITests;
				PRODUCT_NAME = "$(TARGET_NAME)";
				TARGETED_DEVICE_FAMILY = "1,2";
				TEST_TARGET_NAME = LearnObjC;
			};
			name = Release;
		};
/* End XCBuildConfiguration section */

/* Begin XCConfigurationList section */
		AE73DD9022B38A9B009C4963 /* Build configuration list for PBXProject "LearnObjC" */ = {
			isa = XCConfigurationList;
			buildConfigurations = (
				AE73DDBF22B38A9E009C4963 /* Debug */,
				AE73DDC022B38A9E009C4963 /* Release */,
			);
			defaultConfigurationIsVisible = 0;
			defaultConfigurationName = Release;
		};
		AE73DDC122B38A9E009C4963 /* Build configuration list for PBXNativeTarget "LearnObjC" */ = {
			isa = XCConfigurationList;
			buildConfigurations = (
				AE73DDC222B38A9E009C4963 /* Debug */,
				AE73DDC322B38A9E009C4963 /* Release */,
			);
			defaultConfigurationIsVisible = 0;
			defaultConfigurationName = Release;
		};
		AE73DDC422B38A9E009C4963 /* Build configuration list for PBXNativeTarget "LearnObjCTests" */ = {
			isa = XCConfigurationList;
			buildConfigurations = (
				AE73DDC522B38A9E009C4963 /* Debug */,
				AE73DDC622B38A9E009C4963 /* Release */,
			);
			defaultConfigurationIsVisible = 0;
			defaultConfigurationName = Release;
		};
		AE73DDC722B38A9E009C4963 /* Build configuration list for PBXNativeTarget "LearnObjCUITests" */ = {
			isa = XCConfigurationList;
			buildConfigurations = (
				AE73DDC822B38A9E009C4963 /* Debug */,
				AE73DDC922B38A9E009C4963 /* Release */,
			);
			defaultConfigurationIsVisible = 0;
			defaultConfigurationName = Release;
		};
/* End XCConfigurationList section */
	};
	rootObject = AE73DD8D22B38A9B009C4963 /* Project object */;
}
